# This file is automatically @generated by Cargo.
# It is not intended for manual editing.
version = 4

[[package]]
name = "allocator-api2"
version = "0.2.21"
source = "registry+https://github.com/rust-lang/crates.io-index"
checksum = "683d7910e743518b0e34f1186f92494becacb047c7b6bf616c96772180fef923"

[[package]]
name = "anyhow"
version = "1.0.102"
source = "registry+https://github.com/rust-lang/crates.io-index"
checksum = "7f202df86484c868dbad7eaa557ef785d5c66295e41b460ef922eca0723b842c"

[[package]]
name = "arbitrary"
version = "1.4.2"
source = "registry+https://github.com/rust-lang/crates.io-index"
checksum = "c3d036a3c4ab069c7b410a2ce876bd74808d2d0888a82667669f8e783a898bf1"

[[package]]
name = "bitflags"
version = "1.3.2"
source = "registry+https://github.com/rust-lang/crates.io-index"
checksum = "bef38d45163c2f1dde094a7dfd33ccf595c92905c8f8f4fdc18d06fb1037718a"

[[package]]
name = "bumpalo"
version = "3.20.2"
source = "registry+https://github.com/rust-lang/crates.io-index"
checksum = "5d20789868f4b01b2f2caec9f5c4e0213b41e3e5702a50157d699ae31ced2fcb"
dependencies = [
 "allocator-api2",
]

[[package]]
name = "cfg-if"
version = "1.0.4"
source = "registry+https://github.com/rust-lang/crates.io-index"
checksum = "9330f8b2ff13f34540b44e946ef35111825727b38d33286ef986142615121801"

[[package]]
name = "cranelift-assembler-x64"
version = "0.118.0"
source = "registry+https://github.com/rust-lang/crates.io-index"
checksum = "3e4b56ebe316895d3fa37775d0a87b0c889cc933f5c8b253dbcc7c7bcb7fe7e4"
dependencies = [
 "cranelift-assembler-x64-meta",
]

[[package]]
name = "cranelift-assembler-x64-meta"
version = "0.118.0"
source = "registry+https://github.com/rust-lang/crates.io-index"
checksum = "95cabbc01dfbd7dcd6c329ca44f0212910309c221797ac736a67a5bc8857fe1b"

[[package]]
name = "cranelift-bforest"
version = "0.118.0"
source = "registry+https://github.com/rust-lang/crates.io-index"
checksum = "76ffe46df300a45f1dc6f609dc808ce963f0e3a2e971682c479a2d13e3b9b8ef"
dependencies = [
 "cranelift-entity",
]

[[package]]
name = "cranelift-bitset"
version = "0.118.0"
source = "registry+https://github.com/rust-lang/crates.io-index"
checksum = "b265bed7c51e1921fdae6419791d31af77d33662ee56d7b0fa0704dc8d231cab"

[[package]]
name = "cranelift-codegen"
version = "0.118.0"
source = "registry+https://github.com/rust-lang/crates.io-index"
checksum = "e606230a7e3a6897d603761baee0d19f88d077f17b996bb5089488a29ae96e41"
dependencies = [
 "bumpalo",
 "cranelift-assembler-x64",
 "cranelift-bforest",
 "cranelift-bitset",
 "cranelift-codegen-meta",
 "cranelift-codegen-shared",
 "cranelift-control",
 "cranelift-entity",
 "cranelift-isle",
 "gimli",
 "hashbrown 0.15.5",
 "log",
 "regalloc2",
 "rustc-hash",
 "serde",
 "smallvec",
 "target-lexicon",
]

[[package]]
name = "cranelift-codegen-meta"
version = "0.118.0"
source = "registry+https://github.com/rust-lang/crates.io-index"
checksum = "8a63bffafc23bc60969ad528e138788495999d935f0adcfd6543cb151ca8637d"
dependencies = [
 "cranelift-assembler-x64",
 "cranelift-codegen-shared",
]

[[package]]
name = "cranelift-codegen-shared"
version = "0.118.0"
source = "registry+https://github.com/rust-lang/crates.io-index"
checksum = "af50281b67324b58e843170a6a5943cf6d387c06f7eeacc9f5696e4ab7ae7d7e"

[[package]]
name = "cranelift-control"
version = "0.118.0"
source = "registry+https://github.com/rust-lang/crates.io-index"
checksum = "8c20c1b38d1abfbcebb0032e497e71156c0e3b8dcb3f0a92b9863b7bcaec290c"
dependencies = [
 "arbitrary",
]

[[package]]
name = "cranelift-entity"
version = "0.118.0"
source = "registry+https://github.com/rust-lang/crates.io-index"
checksum = "0c2c67d95507c51b4a1ff3f3555fe4bfec36b9e13c1b684ccc602736f5d5f4a2"
dependencies = [
 "cranelift-bitset",
]

[[package]]
name = "cranelift-frontend"
version = "0.118.0"
source = "registry+https://github.com/rust-lang/crates.io-index"
checksum = "4e002691cc69c38b54fc7ec93e5be5b744f627d027031d991cc845d1d512d0ce"
dependencies = [
 "cranelift-codegen",
 "log",
 "smallvec",
 "target-lexicon",
]

[[package]]
name = "cranelift-isle"
version = "0.118.0"
source = "registry+https://github.com/rust-lang/crates.io-index"
checksum = "e93588ed1796cbcb0e2ad160403509e2c5d330d80dd6e0014ac6774c7ebac496"

[[package]]
name = "cranelift-jit"
version = "0.118.0"
source = "registry+https://github.com/rust-lang/crates.io-index"
checksum = "17f6682f0b193d6b7873cc8e7ed67e8776a8a26f50eeabf88534e9be618b9a03"
dependencies = [
 "anyhow",
 "cranelift-codegen",
 "cranelift-control",
 "cranelift-entity",
 "cranelift-module",
 "cranelift-native",
 "libc",
 "log",
 "region",
 "target-lexicon",
 "wasmtime-jit-icache-coherence",
 "windows-sys 0.59.0",
]

[[package]]
name = "cranelift-module"
version = "0.118.0"
source = "registry+https://github.com/rust-lang/crates.io-index"
checksum = "ff19784c6de05116e63e6a34791012bd927b2a4eac56233039c46f1b6a4edac8"
dependencies = [
 "anyhow",
 "cranelift-codegen",
 "cranelift-control",
]

[[package]]
name = "cranelift-native"
version = "0.118.0"
source = "registry+https://github.com/rust-lang/crates.io-index"
checksum = "e5b09bdd6407bf5d89661b80cf926ce731c9e8cc184bf49102267a2369a8358e"
dependencies = [
 "cranelift-codegen",
 "libc",
 "target-lexicon",
]

[[package]]
name = "crizzle-core"
version = "0.1.0"
dependencies = [
 "sql-core",
]

[[package]]
name = "cruft"
version = "0.0.9"
dependencies = [
 "crizzle-core",
 "cruftscript-type-checker",
 "libc",
 "postcrust",
 "rusty-asn1-der",
 "rusty-compression",
 "rusty-form-urlencoded",
 "rusty-http-codec",
 "rusty-http2-conn",
 "rusty-js-ast",
 "rusty-js-basen",
 "rusty-js-bytecode",
 "rusty-js-deflate",
 "rusty-js-idna",
 "rusty-js-indexmap",
 "rusty-js-jit",
 "rusty-js-parser",
 "rusty-js-percent-encoding",
 "rusty-js-pm",
 "rusty-js-punycode",
 "rusty-js-runtime",
 "rusty-js-shapes",
 "rusty-js-url",
 "rusty-json-manifest",
 "rusty-sockets",
 "rusty-sqlite",
 "rusty-tls",
 "rusty-wasm",
 "rusty-web-crypto",
 "rusty-websocket",
 "rusty-x509",
 "sql-core",
 "ts-resolve",
]

[[package]]
name = "cruftscript-parser"
version = "0.1.0"
dependencies = [
 "rusty-js-ast",
]

[[package]]
name = "cruftscript-type-checker"
version = "0.1.0"
dependencies = [
 "cruftscript-parser",
 "rusty-js-ast",
]

[[package]]
name = "equivalent"
version = "1.0.2"
source = "registry+https://github.com/rust-lang/crates.io-index"
checksum = "877a4ace8713b0bcf2a4e7eec82529c029f1d0619886d18145fea96c3ffe5c0f"

[[package]]
name = "fallible-iterator"
version = "0.3.0"
source = "registry+https://github.com/rust-lang/crates.io-index"
checksum = "2acce4a10f12dc2fb14a218589d4f1f62ef011b2d0cc4b3cb1bba8e94da14649"

[[package]]
name = "gimli"
version = "0.31.1"
source = "registry+https://github.com/rust-lang/crates.io-index"
checksum = "07e28edb80900c19c28f1072f2e8aeca7fa06b23cd4169cefe1af5aa3260783f"
dependencies = [
 "fallible-iterator",
 "indexmap",
 "stable_deref_trait",
]

[[package]]
name = "hashbrown"
version = "0.15.5"
source = "registry+https://github.com/rust-lang/crates.io-index"
checksum = "9229cfe53dfd69f0609a49f65461bd93001ea1ef889cd5529dd176593f5338a1"

[[package]]
name = "hashbrown"
version = "0.17.1"
source = "registry+https://github.com/rust-lang/crates.io-index"
checksum = "ed5909b6e89a2db4456e54cd5f673791d7eca6732202bbf2a9cc504fe2f9b84a"

[[package]]
name = "indexmap"
version = "2.14.0"
source = "registry+https://github.com/rust-lang/crates.io-index"
checksum = "d466e9454f08e4a911e14806c24e16fba1b4c121d1ea474396f396069cf949d9"
dependencies = [
 "equivalent",
 "hashbrown 0.17.1",
]

[[package]]
name = "libc"
version = "0.2.186"
source = "registry+https://github.com/rust-lang/crates.io-index"
checksum = "68ab91017fe16c622486840e4c83c9a37afeff978bd239b5293d61ece587de66"

[[package]]
name = "log"
version = "0.4.29"
source = "registry+https://github.com/rust-lang/crates.io-index"
checksum = "5e5032e24019045c762d3c0f28f5b6b8bbf38563a65908389bf7978758920897"

[[package]]
name = "mach2"
version = "0.4.3"
source = "registry+https://github.com/rust-lang/crates.io-index"
checksum = "d640282b302c0bb0a2a8e0233ead9035e3bed871f0b7e81fe4a1ec829765db44"
dependencies = [
 "libc",
]

[[package]]
name = "postcrust"
version = "0.1.0"
dependencies = [
 "crizzle-core",
 "sql-core",
]

[[package]]
name = "proc-macro2"
version = "1.0.106"
source = "registry+https://github.com/rust-lang/crates.io-index"
checksum = "8fd00f0bb2e90d81d1044c2b32617f68fcb9fa3bb7640c23e9c748e53fb30934"
dependencies = [
 "unicode-ident",
]

[[package]]
name = "quote"
version = "1.0.45"
source = "registry+https://github.com/rust-lang/crates.io-index"
checksum = "41f2619966050689382d2b44f664f4bc593e129785a36d6ee376ddf37259b924"
dependencies = [
 "proc-macro2",
]

[[package]]
name = "regalloc2"
version = "0.11.2"
source = "registry+https://github.com/rust-lang/crates.io-index"
checksum = "dc06e6b318142614e4a48bc725abbf08ff166694835c43c9dae5a9009704639a"
dependencies = [
 "allocator-api2",
 "bumpalo",
 "hashbrown 0.15.5",
 "log",
 "rustc-hash",
 "smallvec",
]

[[package]]
name = "region"
version = "3.0.2"
source = "registry+https://github.com/rust-lang/crates.io-index"
checksum = "e6b6ebd13bc009aef9cd476c1310d49ac354d36e240cf1bd753290f3dc7199a7"
dependencies = [
 "bitflags",
 "libc",
 "mach2",
 "windows-sys 0.52.0",
]

[[package]]
name = "rustc-hash"
version = "2.1.2"
source = "registry+https://github.com/rust-lang/crates.io-index"
checksum = "94300abf3f1ae2e2b8ffb7b58043de3d399c73fa6f4b73826402a5c457614dbe"

[[package]]
name = "rusty-asn1-der"
version = "0.1.0"

[[package]]
name = "rusty-compression"
version = "0.1.0"
dependencies = [
 "rusty-js-brotli",
]

[[package]]
name = "rusty-form-urlencoded"
version = "0.1.0"
dependencies = [
 "rusty-js-percent-encoding",
]

[[package]]
name = "rusty-host-dylib"
version = "0.1.0"

[[package]]
name = "rusty-http-codec"
version = "0.1.0"

[[package]]
name = "rusty-http2-codec"
version = "0.1.0"

[[package]]
name = "rusty-http2-conn"
version = "0.1.0"
dependencies = [
 "rusty-http2-codec",
 "rusty-http2-hpack",
]

[[package]]
name = "rusty-http2-hpack"
version = "0.1.0"

[[package]]
name = "rusty-js-ast"
version = "0.1.0"

[[package]]
name = "rusty-js-basen"
version = "0.1.0"

[[package]]
name = "rusty-js-brotli"
version = "0.1.0"

[[package]]
name = "rusty-js-buffer"
version = "0.1.0"

[[package]]
name = "rusty-js-bytecode"
version = "0.1.0"
dependencies = [
 "rusty-js-ast",
 "rusty-js-parser",
]

[[package]]
name = "rusty-js-deflate"
version = "0.1.0"

[[package]]
name = "rusty-js-formdata"
version = "0.1.0"

[[package]]
name = "rusty-js-gc"
version = "0.1.0"

[[package]]
name = "rusty-js-idna"
version = "0.1.0"
dependencies = [
 "rusty-js-punycode",
 "rusty-js-ucd-tables",
]

[[package]]
name = "rusty-js-indexmap"
version = "0.1.0"

[[package]]
name = "rusty-js-jit"
version = "0.1.0"
dependencies = [
 "cranelift-codegen",
 "cranelift-frontend",
 "cranelift-jit",
 "cranelift-module",
 "cranelift-native",
 "rusty-js-ast",
 "rusty-js-bytecode",
 "rusty-js-shapes",
]

[[package]]
name = "rusty-js-parser"
version = "0.1.0"
dependencies = [
 "rusty-js-ast",
 "rusty-js-unicode-ident",
]

[[package]]
name = "rusty-js-percent-encoding"
version = "0.1.0"
dependencies = [
 "rusty-js-basen",
]

[[package]]
name = "rusty-js-pm"
version = "0.1.0"
dependencies = [
 "rusty-compression",
 "rusty-http-codec",
 "rusty-js-ast",
 "rusty-js-parser",
 "rusty-js-pm-integrity",
 "rusty-js-tar",
 "rusty-json-manifest",
 "rusty-tls",
 "semver",
]

[[package]]
name = "rusty-js-pm-integrity"
version = "0.1.0"
dependencies = [
 "rusty-js-basen",
]

[[package]]
name = "rusty-js-punycode"
version = "0.1.0"

[[package]]
name = "rusty-js-runtime"
version = "0.1.0"
dependencies = [
 "cruft",
 "cruftscript-type-checker",
 "rusty-asn1-der",
 "rusty-form-urlencoded",
 "rusty-host-dylib",
 "rusty-js-ast",
 "rusty-js-basen",
 "rusty-js-buffer",
 "rusty-js-bytecode",
 "rusty-js-deflate",
 "rusty-js-formdata",
 "rusty-js-gc",
 "rusty-js-indexmap",
 "rusty-js-jit",
 "rusty-js-parser",
 "rusty-js-shapes",
 "rusty-js-streams",
 "rusty-js-temporal-calendar",
 "rusty-js-temporal-core",
 "rusty-js-ucd-tables",
 "rusty-js-unicode-ident",
 "rusty-js-url",
 "rusty-json-manifest",
 "rusty-textencoder",
 "rusty-web-crypto",
 "ts-resolve",
]

[[package]]
name = "rusty-js-shapes"
version = "0.1.0"
dependencies = [
 "rusty-js-smallvec",
]

[[package]]
name = "rusty-js-smallvec"
version = "0.1.0"

[[package]]
name = "rusty-js-streams"
version = "0.1.0"

[[package]]
name = "rusty-js-tar"
version = "0.1.0"

[[package]]
name = "rusty-js-temporal-calendar"
version = "0.1.0"

[[package]]
name = "rusty-js-temporal-core"
version = "0.1.0"
dependencies = [
 "rusty-js-temporal-calendar",
]

[[package]]
name = "rusty-js-ucd-tables"
version = "0.1.0"

[[package]]
name = "rusty-js-unicode-ident"
version = "0.1.0"
dependencies = [
 "rusty-js-ucd-tables",
]

[[package]]
name = "rusty-js-url"
version = "0.1.0"
dependencies = [
 "rusty-js-idna",
 "rusty-js-percent-encoding",
 "rusty-json-manifest",
]

[[package]]
name = "rusty-json-manifest"
version = "0.1.0"

[[package]]
name = "rusty-sockets"
version = "0.1.0"

[[package]]
name = "rusty-sqlite"
version = "0.1.0"
dependencies = [
 "crizzle-core",
 "sql-core",
]

[[package]]
name = "rusty-textencoder"
version = "0.1.0"

[[package]]
name = "rusty-tls"
version = "0.1.0"
dependencies = [
 "rusty-asn1-der",
 "rusty-web-crypto",
 "rusty-x509",
]

[[package]]
name = "rusty-wasm"
version = "0.1.0"

[[package]]
name = "rusty-web-crypto"
version = "0.1.0"

[[package]]
name = "rusty-websocket"
version = "0.1.0"
dependencies = [
 "rusty-web-crypto",
]

[[package]]
name = "rusty-x509"
version = "0.1.0"
dependencies = [
 "rusty-asn1-der",
 "rusty-web-crypto",
]

[[package]]
name = "semver"
version = "1.0.28"
source = "registry+https://github.com/rust-lang/crates.io-index"
checksum = "8a7852d02fc848982e0c167ef163aaff9cd91dc640ba85e263cb1ce46fae51cd"

[[package]]
name = "serde"
version = "1.0.228"
source = "registry+https://github.com/rust-lang/crates.io-index"
checksum = "9a8e94ea7f378bd32cbbd37198a4a91436180c5bb472411e48b5ec2e2124ae9e"
dependencies = [
 "serde_core",
]

[[package]]
name = "serde_core"
version = "1.0.228"
source = "registry+https://github.com/rust-lang/crates.io-index"
checksum = "41d385c7d4ca58e59fc732af25c3983b67ac852c1a25000afe1175de458b67ad"
dependencies = [
 "serde_derive",
]

[[package]]
name = "serde_derive"
version = "1.0.228"
source = "registry+https://github.com/rust-lang/crates.io-index"
checksum = "d540f220d3187173da220f885ab66608367b6574e925011a9353e4badda91d79"
dependencies = [
 "proc-macro2",
 "quote",
 "syn",
]

[[package]]
name = "smallvec"
version = "1.15.1"
source = "registry+https://github.com/rust-lang/crates.io-index"
checksum = "67b1b7a3b5fe4f1376887184045fcf45c69e92af734b7aaddc05fb777b6fbd03"

[[package]]
name = "sql-core"
version = "0.1.0"

[[package]]
name = "stable_deref_trait"
version = "1.2.1"
source = "registry+https://github.com/rust-lang/crates.io-index"
checksum = "6ce2be8dc25455e1f91df71bfa12ad37d7af1092ae736f3a6cd0e37bc7810596"

[[package]]
name = "syn"
version = "2.0.117"
source = "registry+https://github.com/rust-lang/crates.io-index"
checksum = "e665b8803e7b1d2a727f4023456bbbbe74da67099c585258af0ad9c5013b9b99"
dependencies = [
 "proc-macro2",
 "quote",
 "unicode-ident",
]

[[package]]
name = "target-lexicon"
version = "0.13.5"
source = "registry+https://github.com/rust-lang/crates.io-index"
checksum = "adb6935a6f5c20170eeceb1a3835a49e12e19d792f6dd344ccc76a985ca5a6ca"

[[package]]
name = "ts-resolve"
version = "0.1.0"
dependencies = [
 "rusty-js-ast",
 "rusty-js-parser",
]

[[package]]
name = "unicode-ident"
version = "1.0.24"
source = "registry+https://github.com/rust-lang/crates.io-index"
checksum = "e6e4313cd5fcd3dad5cafa179702e2b244f760991f45397d14d4ebf38247da75"

[[package]]
name = "wasmtime-jit-icache-coherence"
version = "31.0.0"
source = "registry+https://github.com/rust-lang/crates.io-index"
checksum = "a54f6c6c7e9d7eeee32dfcc10db7f29d505ee7dd28d00593ea241d5f70698e64"
dependencies = [
 "anyhow",
 "cfg-if",
 "libc",
 "windows-sys 0.59.0",
]

[[package]]
name = "windows-sys"
version = "0.52.0"
source = "registry+https://github.com/rust-lang/crates.io-index"
checksum = "282be5f36a8ce781fad8c8ae18fa3f9beff57ec1b52cb3de0789201425d9a33d"
dependencies = [
 "windows-targets",
]

[[package]]
name = "windows-sys"
version = "0.59.0"
source = "registry+https://github.com/rust-lang/crates.io-index"
checksum = "1e38bc4d79ed67fd075bcc251a1c39b32a1776bbe92e5bef1f0bf1f8c531853b"
dependencies = [
 "windows-targets",
]

[[package]]
name = "windows-targets"
version = "0.52.6"
source = "registry+https://github.com/rust-lang/crates.io-index"
checksum = "9b724f72796e036ab90c1021d4780d4d3d648aca59e491e6b98e725b84e99973"
dependencies = [
 "windows_aarch64_gnullvm",
 "windows_aarch64_msvc",
 "windows_i686_gnu",
 "windows_i686_gnullvm",
 "windows_i686_msvc",
 "windows_x86_64_gnu",
 "windows_x86_64_gnullvm",
 "windows_x86_64_msvc",
]

[[package]]
name = "windows_aarch64_gnullvm"
version = "0.52.6"
source = "registry+https://github.com/rust-lang/crates.io-index"
checksum = "32a4622180e7a0ec044bb555404c800bc9fd9ec262ec147edd5989ccd0c02cd3"

[[package]]
name = "windows_aarch64_msvc"
version = "0.52.6"
source = "registry+https://github.com/rust-lang/crates.io-index"
checksum = "09ec2a7bb152e2252b53fa7803150007879548bc709c039df7627cabbd05d469"

[[package]]
name = "windows_i686_gnu"
version = "0.52.6"
source = "registry+https://github.com/rust-lang/crates.io-index"
checksum = "8e9b5ad5ab802e97eb8e295ac6720e509ee4c243f69d781394014ebfe8bbfa0b"

[[package]]
name = "windows_i686_gnullvm"
version = "0.52.6"
source = "registry+https://github.com/rust-lang/crates.io-index"
checksum = "0eee52d38c090b3caa76c563b86c3a4bd71ef1a819287c19d586d7334ae8ed66"

[[package]]
name = "windows_i686_msvc"
version = "0.52.6"
source = "registry+https://github.com/rust-lang/crates.io-index"
checksum = "240948bc05c5e7c6dabba28bf89d89ffce3e303022809e73deaefe4f6ec56c66"

[[package]]
name = "windows_x86_64_gnu"
version = "0.52.6"
source = "registry+https://github.com/rust-lang/crates.io-index"
checksum = "147a5c80aabfbf0c7d901cb5895d1de30ef2907eb21fbbab29ca94c5b08b1a78"

[[package]]
name = "windows_x86_64_gnullvm"
version = "0.52.6"
source = "registry+https://github.com/rust-lang/crates.io-index"
checksum = "24d5b23dc417412679681396f2b49f3de8c1473deb516bd34410872eff51ed0d"

[[package]]
name = "windows_x86_64_msvc"
version = "0.52.6"
source = "registry+https://github.com/rust-lang/crates.io-index"
checksum = "589f6da84c646204747d1270a2a5661ea66ed1cced2631d546fdfb155959f9ec"
